
Microsoft Visual Studio Solution File, Format Version 12.00
# Visual Studio Version 17
VisualStudioVersion = 17.10.34928.147
MinimumVisualStudioVersion = 10.0.40219.1
Project("{FAE04EC0-301F-11D3-BF4B-00C04F79EFBC}") = "CoursesLabTask", "CoursesLabTask\CoursesLabTask.csproj", "{051FA144-DD74-4EAA-A983-84589B0AE44A}"
EndProject
Global
	GlobalSection(SolutionConfigurationPlatforms) = preSolution
		Debug|Any CPU = Debug|Any CPU
		Release|Any CPU = Release|Any CPU
	EndGlobalSection
	GlobalSection(ProjectConfigurationPlatforms) = postSolution
		{051FA144-DD74-4EAA-A983-84589B0AE44A}.Debug|Any CPU.ActiveCfg = Debug|Any CPU
		{051FA144-DD74-4EAA-A983-84589B0AE44A}.Debug|Any CPU.Build.0 = Debug|Any CPU
		{051FA144-DD74-4EAA-A983-84589B0AE44A}.Release|Any CPU.ActiveCfg = Release|Any CPU
		{051FA144-DD74-4EAA-A983-84589B0AE44A}.Release|Any CPU.Build.0 = Release|Any CPU
	EndGlobalSection
	GlobalSection(SolutionProperties) = preSolution
		HideSolutionNode = FALSE
	EndGlobalSection
	GlobalSection(ExtensibilityGlobals) = postSolution
		SolutionGuid = {1616FC25-466B-4D32-8FF1-74E089A559CD}
	EndGlobalSection
EndGlobal
